
Microsoft Visual Studio Solution File, Format Version 12.00
# Visual Studio Version 17
VisualStudioVersion = 17.3.32819.101
MinimumVisualStudioVersion = 10.0.40219.1
Project("{FAE04EC0-301F-11D3-BF4B-00C04F79EFBC}") = "Ixian-DLT-GUI", "Ixian-DLT-GUI\Ixian-DLT-GUI.csproj", "{4109BDC4-B5C6-4A91-B11D-8C2E0F090E03}"
EndProject
Global
	GlobalSection(SolutionConfigurationPlatforms) = preSolution
		Debug|Any CPU = Debug|Any CPU
		Release|Any CPU = Release|Any CPU
	EndGlobalSection
	GlobalSection(ProjectConfigurationPlatforms) = postSolution
		{4109BDC4-B5C6-4A91-B11D-8C2E0F090E03}.Debug|Any CPU.ActiveCfg = Debug|Any CPU
		{4109BDC4-B5C6-4A91-B11D-8C2E0F090E03}.Debug|Any CPU.Build.0 = Debug|Any CPU
		{4109BDC4-B5C6-4A91-B11D-8C2E0F090E03}.Release|Any CPU.ActiveCfg = Release|Any CPU
		{4109BDC4-B5C6-4A91-B11D-8C2E0F090E03}.Release|Any CPU.Build.0 = Release|Any CPU
	EndGlobalSection
	GlobalSection(SolutionProperties) = preSolution
		HideSolutionNode = FALSE
	EndGlobalSection
	GlobalSection(ExtensibilityGlobals) = postSolution
		SolutionGuid = {6689330F-1146-4FD5-8C85-95FB89119C64}
	EndGlobalSection
EndGlobal
